# This file is autogenerated, do not edit; changes may be undone by the next 'dep ensure'.


[[projects]]
  branch = "master"
  name = "github.com/alecthomas/assert"
  packages = ["."]
  revision = "405dbfeb8e38effee6e723317226e93fff912d06"

[[projects]]
  branch = "master"
  name = "github.com/alecthomas/colour"
  packages = ["."]
  revision = "60882d9e27213e8552dcff6328914fe4c2b44bc9"

[[projects]]
  branch = "master"
  name = "github.com/alecthomas/repr"
  packages = ["."]
  revision = "37578405c47fe4f23cb672045b825fa4145a0816"

[[projects]]
  name = "github.com/mattn/go-isatty"
  packages = ["."]
  revision = "0360b2af4f38e8d38c7fce2a9f4e702702d73a39"
  version = "v0.0.3"

[[projects]]
  branch = "master"
  name = "github.com/sergi/go-diff"
  packages = ["diffmatchpatch"]
  revision = "2fc9cd33b5f86077aa3e0f442fa0476a9fa9a1dc"

[[projects]]
  name = "github.com/sirupsen/logrus"
  packages = ["."]
  revision = "f006c2ac4710855cf0f916dd6b77acf6b048dc6e"
  version = "v1.0.3"

[[projects]]
  branch = "master"
  name = "golang.org/x/crypto"
  packages = ["ssh/terminal"]
  revision = "6a293f2d4b14b8e6d3f0539e383f6d0d30fce3fd"

[[projects]]
  branch = "master"
  name = "golang.org/x/sys"
  packages = ["unix","windows"]
  revision = "75813c647272dd855bda156405bf844a5414f5bf"

[solve-meta]
  analyzer-name = "dep"
  analyzer-version = 1
  inputs-digest = "b4d4793447460c799cdc465c6c9852c5c5ee4e9ff3b11a6b846bd235183174a8"
  solver-name = "gps-cdcl"
  solver-version = 1
